
Microsoft Visual Studio Solution File, Format Version 12.00
# Visual Studio 14
VisualStudioVersion = 14.0.25420.1
MinimumVisualStudioVersion = 10.0.40219.1
Project("{FAE04EC0-301F-11D3-BF4B-00C04F79EFBC}") = "AnacondaMVC", "AnacondaMVC\AnacondaMVC.csproj", "{577225EA-DF27-4D63-9290-BC68C36567C3}"
EndProject
Project("{FAE04EC0-301F-11D3-BF4B-00C04F79EFBC}") = "AnacondaGames", "AnacondaGames\AnacondaGames.csproj", "{4481F23D-6066-4669-8202-37D7C22D529B}"
EndProject
Project("{FAE04EC0-301F-11D3-BF4B-00C04F79EFBC}") = "AnacondaGamesConsole", "AnacondaGamesConsole\AnacondaGamesConsole.csproj", "{1FB2A850-4489-4525-8176-71D1FDAD7481}"
EndProject
Global
	GlobalSection(SolutionConfigurationPlatforms) = preSolution
		Debug|Any CPU = Debug|Any CPU
		Release|Any CPU = Release|Any CPU
	EndGlobalSection
	GlobalSection(ProjectConfigurationPlatforms) = postSolution
		{577225EA-DF27-4D63-9290-BC68C36567C3}.Debug|Any CPU.ActiveCfg = Debug|Any CPU
		{577225EA-DF27-4D63-9290-BC68C36567C3}.Debug|Any CPU.Build.0 = Debug|Any CPU
		{577225EA-DF27-4D63-9290-BC68C36567C3}.Release|Any CPU.ActiveCfg = Release|Any CPU
		{577225EA-DF27-4D63-9290-BC68C36567C3}.Release|Any CPU.Build.0 = Release|Any CPU
		{4481F23D-6066-4669-8202-37D7C22D529B}.Debug|Any CPU.ActiveCfg = Debug|Any CPU
		{4481F23D-6066-4669-8202-37D7C22D529B}.Debug|Any CPU.Build.0 = Debug|Any CPU
		{4481F23D-6066-4669-8202-37D7C22D529B}.Release|Any CPU.ActiveCfg = Release|Any CPU
		{4481F23D-6066-4669-8202-37D7C22D529B}.Release|Any CPU.Build.0 = Release|Any CPU
		{1FB2A850-4489-4525-8176-71D1FDAD7481}.Debug|Any CPU.ActiveCfg = Debug|Any CPU
		{1FB2A850-4489-4525-8176-71D1FDAD7481}.Debug|Any CPU.Build.0 = Debug|Any CPU
		{1FB2A850-4489-4525-8176-71D1FDAD7481}.Release|Any CPU.ActiveCfg = Release|Any CPU
		{1FB2A850-4489-4525-8176-71D1FDAD7481}.Release|Any CPU.Build.0 = Release|Any CPU
	EndGlobalSection
	GlobalSection(SolutionProperties) = preSolution
		HideSolutionNode = FALSE
	EndGlobalSection
EndGlobal
